// !$*UTF8*$!
{
	archiveVersion = 1;
	classes = {
	};
	objectVersion = 50;
	objects = {

/* Begin PBXBuildFile section */
		CD32DDA52395AC470029AA03 /* AppDelegate.swift in Sources */ = {isa = PBXBuildFile; fileRef = CD32DDA42395AC470029AA03 /* AppDelegate.swift */; };
		CD32DDA72395AC470029AA03 /* ViewController.swift in Sources */ = {isa = PBXBuildFile; fileRef = CD32DDA62395AC470029AA03 /* ViewController.swift */; };
		CD32DDA92395AC4A0029AA03 /* Assets.xcassets in Resources */ = {isa = PBXBuildFile; fileRef = CD32DDA82395AC4A0029AA03 /* Assets.xcassets */; };
		CD32DDAC2395AC4A0029AA03 /* Main.storyboard in Resources */ = {isa = PBXBuildFile; fileRef = CD32DDAA2395AC4A0029AA03 /* Main.storyboard */; };
		CD32DDB52395AFA70029AA03 /* Note.swift in Sources */ = {isa = PBXBuildFile; fileRef = CD32DDB42395AFA70029AA03 /* Note.swift */; };
		CD3D103B23E3382D00E770EB /* NewNoteViewController.swift in Sources */ = {isa = PBXBuildFile; fileRef = CD3D103A23E3382D00E770EB /* NewNoteViewController.swift */; };
		CD9AB19123A0E8B300C514D4 /* SourcesViewController.swift in Sources */ = {isa = PBXBuildFile; fileRef = CD9AB19023A0E8B300C514D4 /* SourcesViewController.swift */; };
		CD9AB19323A0EA1F00C514D4 /* Source.swift in Sources */ = {isa = PBXBuildFile; fileRef = CD9AB19223A0EA1F00C514D4 /* Source.swift */; };
		CD9AB19723A0EC7C00C514D4 /* FileModel.swift in Sources */ = {isa = PBXBuildFile; fileRef = CD9AB19623A0EC7C00C514D4 /* FileModel.swift */; };
		CDA8774C239E51920045A3B7 /* WelcomeViewController.swift in Sources */ = {isa = PBXBuildFile; fileRef = CDA8774B239E51920045A3B7 /* WelcomeViewController.swift */; };
/* End PBXBuildFile section */

/* Begin PBXFileReference section */
		CD32DDA12395AC470029AA03 /* SimpleNotes.app */ = {isa = PBXFileReference; explicitFileType = wrapper.application; includeInIndex = 0; path = SimpleNotes.app; sourceTree = BUILT_PRODUCTS_DIR; };
		CD32DDA42395AC470029AA03 /* AppDelegate.swift */ = {isa = PBXFileReference; lastKnownFileType = sourcecode.swift; path = AppDelegate.swift; sourceTree = "<group>"; };
		CD32DDA62395AC470029AA03 /* ViewController.swift */ = {isa = PBXFileReference; lastKnownFileType = sourcecode.swift; path = ViewController.swift; sourceTree = "<group>"; };
		CD32DDA82395AC4A0029AA03 /* Assets.xcassets */ = {isa = PBXFileReference; lastKnownFileType = folder.assetcatalog; path = Assets.xcassets; sourceTree = "<group>"; };
		CD32DDAB2395AC4A0029AA03 /* Base */ = {isa = PBXFileReference; lastKnownFileType = file.storyboard; name = Base; path = Base.lproj/Main.storyboard; sourceTree = "<group>"; };
		CD32DDAD2395AC4A0029AA03 /* Info.plist */ = {isa = PBXFileReference; lastKnownFileType = text.plist.xml; path = Info.plist; sourceTree = "<group>"; };
		CD32DDAE2395AC4A0029AA03 /* SimpleNotes.entitlements */ = {isa = PBXFileReference; lastKnownFileType = text.plist.entitlements; path = SimpleNotes.entitlements; sourceTree = "<group>"; };
		CD32DDB42395AFA70029AA03 /* Note.swift */ = {isa = PBXFileReference; lastKnownFileType = sourcecode.swift; path = Note.swift; sourceTree = "<group>"; };
		CD3D103A23E3382D00E770EB /* NewNoteViewController.swift */ = {isa = PBXFileReference; lastKnownFileType = sourcecode.swift; path = NewNoteViewController.swift; sourceTree = "<group>"; };
		CD9AB19023A0E8B300C514D4 /* SourcesViewController.swift */ = {isa = PBXFileReference; lastKnownFileType = sourcecode.swift; path = SourcesViewController.swift; sourceTree = "<group>"; };
		CD9AB19223A0EA1F00C514D4 /* Source.swift */ = {isa = PBXFileReference; lastKnownFileType = sourcecode.swift; path = Source.swift; sourceTree = "<group>"; };
		CD9AB19623A0EC7C00C514D4 /* FileModel.swift */ = {isa = PBXFileReference; lastKnownFileType = sourcecode.swift; path = FileModel.swift; sourceTree = "<group>"; };
		CDA8774B239E51920045A3B7 /* WelcomeViewController.swift */ = {isa = PBXFileReference; lastKnownFileType = sourcecode.swift; path = WelcomeViewController.swift; sourceTree = "<group>"; };
/* End PBXFileReference section */

/* Begin PBXFrameworksBuildPhase section */
		CD32DD9E2395AC470029AA03 /* Frameworks */ = {
			isa = PBXFrameworksBuildPhase;
			buildActionMask = 2147483647;
			files = (
			);
			runOnlyForDeploymentPostprocessing = 0;
		};
/* End PBXFrameworksBuildPhase section */

/* Begin PBXGroup section */
		CD32DD982395AC470029AA03 = {
			isa = PBXGroup;
			children = (
				CD32DDA32395AC470029AA03 /* SimpleNotes */,
				CD32DDA22395AC470029AA03 /* Products */,
			);
			sourceTree = "<group>";
		};
		CD32DDA22395AC470029AA03 /* Products */ = {
			isa = PBXGroup;
			children = (
				CD32DDA12395AC470029AA03 /* SimpleNotes.app */,
			);
			name = Products;
			sourceTree = "<group>";
		};
		CD32DDA32395AC470029AA03 /* SimpleNotes */ = {
			isa = PBXGroup;
			children = (
				CD9AB19423A0EC4C00C514D4 /* Model */,
				CD32DDA42395AC470029AA03 /* AppDelegate.swift */,
				CD32DDA62395AC470029AA03 /* ViewController.swift */,
				CD32DDA82395AC4A0029AA03 /* Assets.xcassets */,
				CD32DDAA2395AC4A0029AA03 /* Main.storyboard */,
				CD32DDAD2395AC4A0029AA03 /* Info.plist */,
				CD32DDAE2395AC4A0029AA03 /* SimpleNotes.entitlements */,
				CDA8774B239E51920045A3B7 /* WelcomeViewController.swift */,
				CD9AB19023A0E8B300C514D4 /* SourcesViewController.swift */,
				CD3D103A23E3382D00E770EB /* NewNoteViewController.swift */,
			);
			path = SimpleNotes;
			sourceTree = "<group>";
		};
		CD9AB19423A0EC4C00C514D4 /* Model */ = {
			isa = PBXGroup;
			children = (
				CD32DDB42395AFA70029AA03 /* Note.swift */,
				CD9AB19223A0EA1F00C514D4 /* Source.swift */,
				CD9AB19623A0EC7C00C514D4 /* FileModel.swift */,
			);
			path = Model;
			sourceTree = "<group>";
		};
/* End PBXGroup section */

/* Begin PBXNativeTarget section */
		CD32DDA02395AC470029AA03 /* SimpleNotes */ = {
			isa = PBXNativeTarget;
			buildConfigurationList = CD32DDB12395AC4A0029AA03 /* Build configuration list for PBXNativeTarget "SimpleNotes" */;
			buildPhases = (
				CD32DD9D2395AC470029AA03 /* Sources */,
				CD32DD9E2395AC470029AA03 /* Frameworks */,
				CD32DD9F2395AC470029AA03 /* Resources */,
			);
			buildRules = (
			);
			dependencies = (
			);
			name = SimpleNotes;
			productName = SimpleNotes;
			productReference = CD32DDA12395AC470029AA03 /* SimpleNotes.app */;
			productType = "com.apple.product-type.application";
		};
/* End PBXNativeTarget section */

/* Begin PBXProject section */
		CD32DD992395AC470029AA03 /* Project object */ = {
			isa = PBXProject;
			attributes = {
				LastSwiftUpdateCheck = 1120;
				LastUpgradeCheck = 1120;
				ORGANIZATIONNAME = "Patrick Günthard";
				TargetAttributes = {
					CD32DDA02395AC470029AA03 = {
						CreatedOnToolsVersion = 11.2.1;
					};
				};
			};
			buildConfigurationList = CD32DD9C2395AC470029AA03 /* Build configuration list for PBXProject "SimpleNotes" */;
			compatibilityVersion = "Xcode 9.3";
			developmentRegion = en;
			hasScannedForEncodings = 0;
			knownRegions = (
				en,
				Base,
			);
			mainGroup = CD32DD982395AC470029AA03;
			productRefGroup = CD32DDA22395AC470029AA03 /* Products */;
			projectDirPath = "";
			projectRoot = "";
			targets = (
				CD32DDA02395AC470029AA03 /* SimpleNotes */,
			);
		};
/* End PBXProject section */

/* Begin PBXResourcesBuildPhase section */
		CD32DD9F2395AC470029AA03 /* Resources */ = {
			isa = PBXResourcesBuildPhase;
			buildActionMask = 2147483647;
			files = (
				CD32DDA92395AC4A0029AA03 /* Assets.xcassets in Resources */,
				CD32DDAC2395AC4A0029AA03 /* Main.storyboard in Resources */,
			);
			runOnlyForDeploymentPostprocessing = 0;
		};
/* End PBXResourcesBuildPhase section */

/* Begin PBXSourcesBuildPhase section */
		CD32DD9D2395AC470029AA03 /* Sources */ = {
			isa = PBXSourcesBuildPhase;
			buildActionMask = 2147483647;
			files = (
				CDA8774C239E51920045A3B7 /* WelcomeViewController.swift in Sources */,
				CD9AB19123A0E8B300C514D4 /* SourcesViewController.swift in Sources */,
				CD9AB19723A0EC7C00C514D4 /* FileModel.swift in Sources */,
				CD9AB19323A0EA1F00C514D4 /* Source.swift in Sources */,
				CD32DDA72395AC470029AA03 /* ViewController.swift in Sources */,
				CD3D103B23E3382D00E770EB /* NewNoteViewController.swift in Sources */,
				CD32DDA52395AC470029AA03 /* AppDelegate.swift in Sources */,
				CD32DDB52395AFA70029AA03 /* Note.swift in Sources */,
			);
			runOnlyForDeploymentPostprocessing = 0;
		};
/* End PBXSourcesBuildPhase section */

/* Begin PBXVariantGroup section */
		CD32DDAA2395AC4A0029AA03 /* Main.storyboard */ = {
			isa = PBXVariantGroup;
			children = (
				CD32DDAB2395AC4A0029AA03 /* Base */,
			);
			name = Main.storyboard;
			sourceTree = "<group>";
		};
/* End PBXVariantGroup section */

/* Begin XCBuildConfiguration section */
		CD32DDAF2395AC4A0029AA03 /* Debug */ = {
			isa = XCBuildConfiguration;
			buildSettings = {
				ALWAYS_SEARCH_USER_PATHS = NO;
				CLANG_ANALYZER_NONNULL = YES;
				CLANG_ANALYZER_NUMBER_OBJECT_CONVERSION = YES_AGGRESSIVE;
				CLANG_CXX_LANGUAGE_STANDARD = "gnu++14";
				CLANG_CXX_LIBRARY = "libc++";
				CLANG_ENABLE_MODULES = YES;
				CLANG_ENABLE_OBJC_ARC = YES;
				CLANG_ENABLE_OBJC_WEAK = YES;
				CLANG_WARN_BLOCK_CAPTURE_AUTORELEASING = YES;
				CLANG_WARN_BOOL_CONVERSION = YES;
				CLANG_WARN_COMMA = YES;
				CLANG_WARN_CONSTANT_CONVERSION = YES;
				CLANG_WARN_DEPRECATED_OBJC_IMPLEMENTATIONS = YES;
				CLANG_WARN_DIRECT_OBJC_ISA_USAGE = YES_ERROR;
				CLANG_WARN_DOCUMENTATION_COMMENTS = YES;
				CLANG_WARN_EMPTY_BODY = YES;
				CLANG_WARN_ENUM_CONVERSION = YES;
				CLANG_WARN_INFINITE_RECURSION = YES;
				CLANG_WARN_INT_CONVERSION = YES;
				CLANG_WARN_NON_LITERAL_NULL_CONVERSION = YES;
				CLANG_WARN_OBJC_IMPLICIT_RETAIN_SELF = YES;
				CLANG_WARN_OBJC_LITERAL_CONVERSION = YES;
				CLANG_WARN_OBJC_ROOT_CLASS = YES_ERROR;
				CLANG_WARN_RANGE_LOOP_ANALYSIS = YES;
				CLANG_WARN_STRICT_PROTOTYPES = YES;
				CLANG_WARN_SUSPICIOUS_MOVE = YES;
				CLANG_WARN_UNGUARDED_AVAILABILITY = YES_AGGRESSIVE;
				CLANG_WARN_UNREACHABLE_CODE = YES;
				CLANG_WARN__DUPLICATE_METHOD_MATCH = YES;
				COPY_PHASE_STRIP = NO;
				DEBUG_INFORMATION_FORMAT = dwarf;
				ENABLE_STRICT_OBJC_MSGSEND = YES;
				ENABLE_TESTABILITY = YES;
				GCC_C_LANGUAGE_STANDARD = gnu11;
				GCC_DYNAMIC_NO_PIC = NO;
				GCC_NO_COMMON_BLOCKS = YES;
				GCC_OPTIMIZATION_LEVEL = 0;
				GCC_PREPROCESSOR_DEFINITIONS = (
					"DEBUG=1",
					"$(inherited)",
				);
				GCC_WARN_64_TO_32_BIT_CONVERSION = YES;
				GCC_WARN_ABOUT_RETURN_TYPE = YES_ERROR;
				GCC_WARN_UNDECLARED_SELECTOR = YES;
				GCC_WARN_UNINITIALIZED_AUTOS = YES_AGGRESSIVE;
				GCC_WARN_UNUSED_FUNCTION = YES;
				GCC_WARN_UNUSED_VARIABLE = YES;
				MACOSX_DEPLOYMENT_TARGET = 10.15;
				MTL_ENABLE_DEBUG_INFO = INCLUDE_SOURCE;
				MTL_FAST_MATH = YES;
				ONLY_ACTIVE_ARCH = YES;
				SDKROOT = macosx;
				SWIFT_ACTIVE_COMPILATION_CONDITIONS = DEBUG;
				SWIFT_OPTIMIZATION_LEVEL = "-Onone";
			};
			name = Debug;
		};
		CD32DDB02395AC4A0029AA03 /* Release */ = {
			isa = XCBuildConfiguration;
			buildSettings = {
				ALWAYS_SEARCH_USER_PATHS = NO;
				CLANG_ANALYZER_NONNULL = YES;
				CLANG_ANALYZER_NUMBER_OBJECT_CONVERSION = YES_AGGRESSIVE;
				CLANG_CXX_LANGUAGE_STANDARD = "gnu++14";
				CLANG_CXX_LIBRARY = "libc++";
				CLANG_ENABLE_MODULES = YES;
				CLANG_ENABLE_OBJC_ARC = YES;
				CLANG_ENABLE_OBJC_WEAK = YES;
				CLANG_WARN_BLOCK_CAPTURE_AUTORELEASING = YES;
				CLANG_WARN_BOOL_CONVERSION = YES;
				CLANG_WARN_COMMA = YES;
				CLANG_WARN_CONSTANT_CONVERSION = YES;
				CLANG_WARN_DEPRECATED_OBJC_IMPLEMENTATIONS = YES;
				CLANG_WARN_DIRECT_OBJC_ISA_USAGE = YES_ERROR;
				CLANG_WARN_DOCUMENTATION_COMMENTS = YES;
				CLANG_WARN_EMPTY_BODY = YES;
				CLANG_WARN_ENUM_CONVERSION = YES;
				CLANG_WARN_INFINITE_RECURSION = YES;
				CLANG_WARN_INT_CONVERSION = YES;
				CLANG_WARN_NON_LITERAL_NULL_CONVERSION = YES;
				CLANG_WARN_OBJC_IMPLICIT_RETAIN_SELF = YES;
				CLANG_WARN_OBJC_LITERAL_CONVERSION = YES;
				CLANG_WARN_OBJC_ROOT_CLASS = YES_ERROR;
				CLANG_WARN_RANGE_LOOP_ANALYSIS = YES;
				CLANG_WARN_STRICT_PROTOTYPES = YES;
				CLANG_WARN_SUSPICIOUS_MOVE = YES;
				CLANG_WARN_UNGUARDED_AVAILABILITY = YES_AGGRESSIVE;
				CLANG_WARN_UNREACHABLE_CODE = YES;
				CLANG_WARN__DUPLICATE_METHOD_MATCH = YES;
				COPY_PHASE_STRIP = NO;
				DEBUG_INFORMATION_FORMAT = "dwarf-with-dsym";
				ENABLE_NS_ASSERTIONS = NO;
				ENABLE_STRICT_OBJC_MSGSEND = YES;
				GCC_C_LANGUAGE_STANDARD = gnu11;
				GCC_NO_COMMON_BLOCKS = YES;
				GCC_WARN_64_TO_32_BIT_CONVERSION = YES;
				GCC_WARN_ABOUT_RETURN_TYPE = YES_ERROR;
				GCC_WARN_UNDECLARED_SELECTOR = YES;
				GCC_WARN_UNINITIALIZED_AUTOS = YES_AGGRESSIVE;
				GCC_WARN_UNUSED_FUNCTION = YES;
				GCC_WARN_UNUSED_VARIABLE = YES;
				MACOSX_DEPLOYMENT_TARGET = 10.15;
				MTL_ENABLE_DEBUG_INFO = NO;
				MTL_FAST_MATH = YES;
				SDKROOT = macosx;
				SWIFT_COMPILATION_MODE = wholemodule;
				SWIFT_OPTIMIZATION_LEVEL = "-O";
			};
			name = Release;
		};
		CD32DDB22395AC4A0029AA03 /* Debug */ = {
			isa = XCBuildConfiguration;
			buildSettings = {
				ASSETCATALOG_COMPILER_APPICON_NAME = AppIcon;
				CODE_SIGN_ENTITLEMENTS = SimpleNotes/SimpleNotes.entitlements;
				CODE_SIGN_STYLE = Automatic;
				COMBINE_HIDPI_IMAGES = YES;
				DEVELOPMENT_TEAM = W89CGF52WD;
				INFOPLIST_FILE = SimpleNotes/Info.plist;
				LD_RUNPATH_SEARCH_PATHS = (
					"$(inherited)",
					"@executable_path/../Frameworks",
				);
				MACOSX_DEPLOYMENT_TARGET = 10.15;
				MARKETING_VERSION = 1.1;
				PRODUCT_BUNDLE_IDENTIFIER = ch.patrickguenthard.SimpleNotes;
				PRODUCT_NAME = "$(TARGET_NAME)";
				SWIFT_VERSION = 5.0;
			};
			name = Debug;
		};
		CD32DDB32395AC4A0029AA03 /* Release */ = {
			isa = XCBuildConfiguration;
			buildSettings = {
				ASSETCATALOG_COMPILER_APPICON_NAME = AppIcon;
				CODE_SIGN_ENTITLEMENTS = SimpleNotes/SimpleNotes.entitlements;
				CODE_SIGN_STYLE = Automatic;
				COMBINE_HIDPI_IMAGES = YES;
				DEVELOPMENT_TEAM = W89CGF52WD;
				INFOPLIST_FILE = SimpleNotes/Info.plist;
				LD_RUNPATH_SEARCH_PATHS = (
					"$(inherited)",
					"@executable_path/../Frameworks",
				);
				MACOSX_DEPLOYMENT_TARGET = 10.15;
				MARKETING_VERSION = 1.1;
				PRODUCT_BUNDLE_IDENTIFIER = ch.patrickguenthard.SimpleNotes;
				PRODUCT_NAME = "$(TARGET_NAME)";
				SWIFT_VERSION = 5.0;
			};
			name = Release;
		};
/* End XCBuildConfiguration section */

/* Begin XCConfigurationList section */
		CD32DD9C2395AC470029AA03 /* Build configuration list for PBXProject "SimpleNotes" */ = {
			isa = XCConfigurationList;
			buildConfigurations = (
				CD32DDAF2395AC4A0029AA03 /* Debug */,
				CD32DDB02395AC4A0029AA03 /* Release */,
			);
			defaultConfigurationIsVisible = 0;
			defaultConfigurationName = Release;
		};
		CD32DDB12395AC4A0029AA03 /* Build configuration list for PBXNativeTarget "SimpleNotes" */ = {
			isa = XCConfigurationList;
			buildConfigurations = (
				CD32DDB22395AC4A0029AA03 /* Debug */,
				CD32DDB32395AC4A0029AA03 /* Release */,
			);
			defaultConfigurationIsVisible = 0;
			defaultConfigurationName = Release;
		};
/* End XCConfigurationList section */
	};
	rootObject = CD32DD992395AC470029AA03 /* Project object */;
}
